
Microsoft Visual Studio Solution File, Format Version 12.00
# Visual Studio Version 17
VisualStudioVersion = 17.12.35527.113 d17.12
MinimumVisualStudioVersion = 10.0.40219.1
Project("{FAE04EC0-301F-11D3-BF4B-00C04F79EFBC}") = "MindboxTest", "MindboxTest\MindboxTest.csproj", "{7D36B3DF-C952-4053-A3FF-8FE1B1DD10BD}"
EndProject
Project("{FAE04EC0-301F-11D3-BF4B-00C04F79EFBC}") = "MSTestFigures", "MSTestFigures\MSTestFigures.csproj", "{D49DDA09-0FAF-4532-B99B-A39901F48E1D}"
EndProject
Global
	GlobalSection(SolutionConfigurationPlatforms) = preSolution
		Debug|Any CPU = Debug|Any CPU
		Release|Any CPU = Release|Any CPU
	EndGlobalSection
	GlobalSection(ProjectConfigurationPlatforms) = postSolution
		{7D36B3DF-C952-4053-A3FF-8FE1B1DD10BD}.Debug|Any CPU.ActiveCfg = Debug|Any CPU
		{7D36B3DF-C952-4053-A3FF-8FE1B1DD10BD}.Debug|Any CPU.Build.0 = Debug|Any CPU
		{7D36B3DF-C952-4053-A3FF-8FE1B1DD10BD}.Release|Any CPU.ActiveCfg = Release|Any CPU
		{7D36B3DF-C952-4053-A3FF-8FE1B1DD10BD}.Release|Any CPU.Build.0 = Release|Any CPU
		{D49DDA09-0FAF-4532-B99B-A39901F48E1D}.Debug|Any CPU.ActiveCfg = Debug|Any CPU
		{D49DDA09-0FAF-4532-B99B-A39901F48E1D}.Debug|Any CPU.Build.0 = Debug|Any CPU
		{D49DDA09-0FAF-4532-B99B-A39901F48E1D}.Release|Any CPU.ActiveCfg = Release|Any CPU
		{D49DDA09-0FAF-4532-B99B-A39901F48E1D}.Release|Any CPU.Build.0 = Release|Any CPU
	EndGlobalSection
	GlobalSection(SolutionProperties) = preSolution
		HideSolutionNode = FALSE
	EndGlobalSection
EndGlobal
